Microsoft Visual Studio Solution File, Format Version 12.00
# Visual Studio Version 17
VisualStudioVersion = 17.6.33815.320
MinimumVisualStudioVersion = 10.0.40219.1
Project("{FAE04EC0-301F-11D3-BF4B-00C04F79EFBC}") = "Parser", "Parser\Parser.csproj", "{852AC681-E827-4DC3-9C22-7B68DF857BE8}"
EndProject
Global
	GlobalSection(SolutionConfigurationPlatforms) = preSolution
		Debug|Any CPU = Debug|Any CPU
		Release|Any CPU = Release|Any CPU
	EndGlobalSection
	GlobalSection(ProjectConfigurationPlatforms) = postSolution
		{852AC681-E827-4DC3-9C22-7B68DF857BE8}.Debug|Any CPU.ActiveCfg = Debug|Any CPU
		{852AC681-E827-4DC3-9C22-7B68DF857BE8}.Debug|Any CPU.Build.0 = Debug|Any CPU
		{852AC681-E827-4DC3-9C22-7B68DF857BE8}.Release|Any CPU.ActiveCfg = Release|Any CPU
		{852AC681-E827-4DC3-9C22-7B68DF857BE8}.Release|Any CPU.Build.0 = Release|Any CPU
	EndGlobalSection
	GlobalSection(SolutionProperties) = preSolution
		HideSolutionNode = FALSE
	EndGlobalSection
	GlobalSection(ExtensibilityGlobals) = postSolution
		SolutionGuid = {A5D707B7-9343-43A9-92C5-9E17FC4F54B7}
	EndGlobalSection
EndGlobal
